// !$*UTF8*$!
{
	archiveVersion = 1;
	classes = {
	};
	objectVersion = 46;
	objects = {

/* Begin PBXBuildFile section */
		04C728421BB83668000FF75D /* main.m in Sources */ = {isa = PBXBuildFile; fileRef = 04C728411BB83668000FF75D /* main.m */; };
		04C728451BB83668000FF75D /* AppDelegate.m in Sources */ = {isa = PBXBuildFile; fileRef = 04C728441BB83668000FF75D /* AppDelegate.m */; };
		04C728481BB83668000FF75D /* ViewController.m in Sources */ = {isa = PBXBuildFile; fileRef = 04C728471BB83668000FF75D /* ViewController.m */; };
		04C7284D1BB83668000FF75D /* Assets.xcassets in Resources */ = {isa = PBXBuildFile; fileRef = 04C7284C1BB83668000FF75D /* Assets.xcassets */; };
		04C7285B1BB83668000FF75D /* TableViewPagerTests.m in Sources */ = {isa = PBXBuildFile; fileRef = 04C7285A1BB83668000FF75D /* TableViewPagerTests.m */; };
		04C728661BB83668000FF75D /* TableViewPagerUITests.m in Sources */ = {isa = PBXBuildFile; fileRef = 04C728651BB83668000FF75D /* TableViewPagerUITests.m */; };
		04C7287C1BB83722000FF75D /* HorizontalScrollView.m in Sources */ = {isa = PBXBuildFile; fileRef = 04C728751BB83722000FF75D /* HorizontalScrollView.m */; settings = {ASSET_TAGS = (); }; };
		04C7287D1BB83722000FF75D /* IndexedTableViewController.m in Sources */ = {isa = PBXBuildFile; fileRef = 04C728771BB83722000FF75D /* IndexedTableViewController.m */; settings = {ASSET_TAGS = (); }; };
		04C7287E1BB83722000FF75D /* ScrollElement.m in Sources */ = {isa = PBXBuildFile; fileRef = 04C728791BB83722000FF75D /* ScrollElement.m */; settings = {ASSET_TAGS = (); }; };
		04C7287F1BB83722000FF75D /* TableViewPagerViewController.m in Sources */ = {isa = PBXBuildFile; fileRef = 04C7287B1BB83722000FF75D /* TableViewPagerViewController.m */; settings = {ASSET_TAGS = (); }; };
/* End PBXBuildFile section */

/* Begin PBXContainerItemProxy section */
		04C728571BB83668000FF75D /* PBXContainerItemProxy */ = {
			isa = PBXContainerItemProxy;
			containerPortal = 04C728351BB83668000FF75D /* Project object */;
			proxyType = 1;
			remoteGlobalIDString = 04C7283C1BB83668000FF75D;
			remoteInfo = TableViewPager;
		};
		04C728621BB83668000FF75D /* PBXContainerItemProxy */ = {
			isa = PBXContainerItemProxy;
			containerPortal = 04C728351BB83668000FF75D /* Project object */;
			proxyType = 1;
			remoteGlobalIDString = 04C7283C1BB83668000FF75D;
			remoteInfo = TableViewPager;
		};
/* End PBXContainerItemProxy section */

/* Begin PBXFileReference section */
		04C7283D1BB83668000FF75D /* TableViewPager.app */ = {isa = PBXFileReference; explicitFileType = wrapper.application; includeInIndex = 0; path = TableViewPager.app; sourceTree = BUILT_PRODUCTS_DIR; };
		04C728411BB83668000FF75D /* main.m */ = {isa = PBXFileReference; lastKnownFileType = sourcecode.c.objc; name = main.m; path = ExampleApp/main.m; sourceTree = "<group>"; };
		04C728431BB83668000FF75D /* AppDelegate.h */ = {isa = PBXFileReference; lastKnownFileType = sourcecode.c.h; name = AppDelegate.h; path = ExampleApp/AppDelegate.h; sourceTree = "<group>"; };
		04C728441BB83668000FF75D /* AppDelegate.m */ = {isa = PBXFileReference; lastKnownFileType = sourcecode.c.objc; name = AppDelegate.m; path = ExampleApp/AppDelegate.m; sourceTree = "<group>"; };
		04C728461BB83668000FF75D /* ViewController.h */ = {isa = PBXFileReference; lastKnownFileType = sourcecode.c.h; name = ViewController.h; path = ExampleApp/ViewController.h; sourceTree = "<group>"; };
		04C728471BB83668000FF75D /* ViewController.m */ = {isa = PBXFileReference; lastKnownFileType = sourcecode.c.objc; name = ViewController.m; path = ExampleApp/ViewController.m; sourceTree = "<group>"; };
		04C7284C1BB83668000FF75D /* Assets.xcassets */ = {isa = PBXFileReference; lastKnownFileType = folder.assetcatalog; path = Assets.xcassets; sourceTree = "<group>"; };
		04C728511BB83668000FF75D /* Info.plist */ = {isa = PBXFileReference; lastKnownFileType = text.plist.xml; path = Info.plist; sourceTree = "<group>"; };
		04C728561BB83668000FF75D /* TableViewPagerTests.xctest */ = {isa = PBXFileReference; explicitFileType = wrapper.cfbundle; includeInIndex = 0; path = TableViewPagerTests.xctest; sourceTree = BUILT_PRODUCTS_DIR; };
		04C7285A1BB83668000FF75D /* TableViewPagerTests.m */ = {isa = PBXFileReference; lastKnownFileType = sourcecode.c.objc; path = TableViewPagerTests.m; sourceTree = "<group>"; };
		04C7285C1BB83668000FF75D /* Info.plist */ = {isa = PBXFileReference; lastKnownFileType = text.plist.xml; path = Info.plist; sourceTree = "<group>"; };
		04C728611BB83668000FF75D /* TableViewPagerUITests.xctest */ = {isa = PBXFileReference; explicitFileType = wrapper.cfbundle; includeInIndex = 0; path = TableViewPagerUITests.xctest; sourceTree = BUILT_PRODUCTS_DIR; };
		04C728651BB83668000FF75D /* TableViewPagerUITests.m */ = {isa = PBXFileReference; lastKnownFileType = sourcecode.c.objc; path = TableViewPagerUITests.m; sourceTree = "<group>"; };
		04C728671BB83668000FF75D /* Info.plist */ = {isa = PBXFileReference; lastKnownFileType = text.plist.xml; path = Info.plist; sourceTree = "<group>"; };
		04C728741BB83722000FF75D /* HorizontalScrollView.h */ = {isa = PBXFileReference; fileEncoding = 4; lastKnownFileType = sourcecode.c.h; name = HorizontalScrollView.h; path = TableViewPager/TableViewPagerClasses/HorizontalScrollView.h; sourceTree = "<group>"; };
		04C728751BB83722000FF75D /* HorizontalScrollView.m */ = {isa = PBXFileReference; fileEncoding = 4; lastKnownFileType = sourcecode.c.objc; name = HorizontalScrollView.m; path = TableViewPager/TableViewPagerClasses/HorizontalScrollView.m; sourceTree = "<group>"; };
		04C728761BB83722000FF75D /* IndexedTableViewController.h */ = {isa = PBXFileReference; fileEncoding = 4; lastKnownFileType = sourcecode.c.h; name = IndexedTableViewController.h; path = TableViewPager/TableViewPagerClasses/IndexedTableViewController.h; sourceTree = "<group>"; };
		04C728771BB83722000FF75D /* IndexedTableViewController.m */ = {isa = PBXFileReference; fileEncoding = 4; lastKnownFileType = sourcecode.c.objc; name = IndexedTableViewController.m; path = TableViewPager/TableViewPagerClasses/IndexedTableViewController.m; sourceTree = "<group>"; };
		04C728781BB83722000FF75D /* ScrollElement.h */ = {isa = PBXFileReference; fileEncoding = 4; lastKnownFileType = sourcecode.c.h; name = ScrollElement.h; path = TableViewPager/TableViewPagerClasses/ScrollElement.h; sourceTree = "<group>"; };
		04C728791BB83722000FF75D /* ScrollElement.m */ = {isa = PBXFileReference; fileEncoding = 4; lastKnownFileType = sourcecode.c.objc; name = ScrollElement.m; path = TableViewPager/TableViewPagerClasses/ScrollElement.m; sourceTree = "<group>"; };
		04C7287A1BB83722000FF75D /* TableViewPagerViewController.h */ = {isa = PBXFileReference; fileEncoding = 4; lastKnownFileType = sourcecode.c.h; name = TableViewPagerViewController.h; path = TableViewPager/TableViewPagerClasses/TableViewPagerViewController.h; sourceTree = "<group>"; };
		04C7287B1BB83722000FF75D /* TableViewPagerViewController.m */ = {isa = PBXFileReference; fileEncoding = 4; lastKnownFileType = sourcecode.c.objc; name = TableViewPagerViewController.m; path = TableViewPager/TableViewPagerClasses/TableViewPagerViewController.m; sourceTree = "<group>"; };
/* End PBXFileReference section */

/* Begin PBXFrameworksBuildPhase section */
		04C7283A1BB83668000FF75D /* Frameworks */ = {
			isa = PBXFrameworksBuildPhase;
			buildActionMask = 2147483647;
			files = (
			);
			runOnlyForDeploymentPostprocessing = 0;
		};
		04C728531BB83668000FF75D /* Frameworks */ = {
			isa = PBXFrameworksBuildPhase;
			buildActionMask = 2147483647;
			files = (
			);
			runOnlyForDeploymentPostprocessing = 0;
		};
		04C7285E1BB83668000FF75D /* Frameworks */ = {
			isa = PBXFrameworksBuildPhase;
			buildActionMask = 2147483647;
			files = (
			);
			runOnlyForDeploymentPostprocessing = 0;
		};
/* End PBXFrameworksBuildPhase section */

/* Begin PBXGroup section */
		04C728341BB83668000FF75D = {
			isa = PBXGroup;
			children = (
				04C728731BB83711000FF75D /* TableViewPagerClasses */,
				04C7283F1BB83668000FF75D /* ExampleApp */,
				04C728591BB83668000FF75D /* TableViewPagerTests */,
				04C728641BB83668000FF75D /* TableViewPagerUITests */,
				04C7283E1BB83668000FF75D /* Products */,
			);
			sourceTree = "<group>";
		};
		04C7283E1BB83668000FF75D /* Products */ = {
			isa = PBXGroup;
			children = (
				04C7283D1BB83668000FF75D /* TableViewPager.app */,
				04C728561BB83668000FF75D /* TableViewPagerTests.xctest */,
				04C728611BB83668000FF75D /* TableViewPagerUITests.xctest */,
			);
			name = Products;
			sourceTree = "<group>";
		};
		04C7283F1BB83668000FF75D /* ExampleApp */ = {
			isa = PBXGroup;
			children = (
				04C728431BB83668000FF75D /* AppDelegate.h */,
				04C728441BB83668000FF75D /* AppDelegate.m */,
				04C728461BB83668000FF75D /* ViewController.h */,
				04C728471BB83668000FF75D /* ViewController.m */,
				04C728411BB83668000FF75D /* main.m */,
				04C7284C1BB83668000FF75D /* Assets.xcassets */,
				04C728511BB83668000FF75D /* Info.plist */,
			);
			name = ExampleApp;
			path = TableViewPager;
			sourceTree = "<group>";
		};
		04C728591BB83668000FF75D /* TableViewPagerTests */ = {
			isa = PBXGroup;
			children = (
				04C7285A1BB83668000FF75D /* TableViewPagerTests.m */,
				04C7285C1BB83668000FF75D /* Info.plist */,
			);
			path = TableViewPagerTests;
			sourceTree = "<group>";
		};
		04C728641BB83668000FF75D /* TableViewPagerUITests */ = {
			isa = PBXGroup;
			children = (
				04C728651BB83668000FF75D /* TableViewPagerUITests.m */,
				04C728671BB83668000FF75D /* Info.plist */,
			);
			path = TableViewPagerUITests;
			sourceTree = "<group>";
		};
		04C728731BB83711000FF75D /* TableViewPagerClasses */ = {
			isa = PBXGroup;
			children = (
				04C728741BB83722000FF75D /* HorizontalScrollView.h */,
				04C728751BB83722000FF75D /* HorizontalScrollView.m */,
				04C728761BB83722000FF75D /* IndexedTableViewController.h */,
				04C728771BB83722000FF75D /* IndexedTableViewController.m */,
				04C728781BB83722000FF75D /* ScrollElement.h */,
				04C728791BB83722000FF75D /* ScrollElement.m */,
				04C7287A1BB83722000FF75D /* TableViewPagerViewController.h */,
				04C7287B1BB83722000FF75D /* TableViewPagerViewController.m */,
			);
			name = TableViewPagerClasses;
			sourceTree = "<group>";
		};
/* End PBXGroup section */

/* Begin PBXNativeTarget section */
		04C7283C1BB83668000FF75D /* TableViewPager */ = {
			isa = PBXNativeTarget;
			buildConfigurationList = 04C7286A1BB83668000FF75D /* Build configuration list for PBXNativeTarget "TableViewPager" */;
			buildPhases = (
				04C728391BB83668000FF75D /* Sources */,
				04C7283A1BB83668000FF75D /* Frameworks */,
				04C7283B1BB83668000FF75D /* Resources */,
			);
			buildRules = (
			);
			dependencies = (
			);
			name = TableViewPager;
			productName = TableViewPager;
			productReference = 04C7283D1BB83668000FF75D /* TableViewPager.app */;
			productType = "com.apple.product-type.application";
		};
		04C728551BB83668000FF75D /* TableViewPagerTests */ = {
			isa = PBXNativeTarget;
			buildConfigurationList = 04C7286D1BB83668000FF75D /* Build configuration list for PBXNativeTarget "TableViewPagerTests" */;
			buildPhases = (
				04C728521BB83668000FF75D /* Sources */,
				04C728531BB83668000FF75D /* Frameworks */,
				04C728541BB83668000FF75D /* Resources */,
			);
			buildRules = (
			);
			dependencies = (
				04C728581BB83668000FF75D /* PBXTargetDependency */,
			);
			name = TableViewPagerTests;
			productName = TableViewPagerTests;
			productReference = 04C728561BB83668000FF75D /* TableViewPagerTests.xctest */;
			productType = "com.apple.product-type.bundle.unit-test";
		};
		04C728601BB83668000FF75D /* TableViewPagerUITests */ = {
			isa = PBXNativeTarget;
			buildConfigurationList = 04C728701BB83668000FF75D /* Build configuration list for PBXNativeTarget "TableViewPagerUITests" */;
			buildPhases = (
				04C7285D1BB83668000FF75D /* Sources */,
				04C7285E1BB83668000FF75D /* Frameworks */,
				04C7285F1BB83668000FF75D /* Resources */,
			);
			buildRules = (
			);
			dependencies = (
				04C728631BB83668000FF75D /* PBXTargetDependency */,
			);
			name = TableViewPagerUITests;
			productName = TableViewPagerUITests;
			productReference = 04C728611BB83668000FF75D /* TableViewPagerUITests.xctest */;
			productType = "com.apple.product-type.bundle.ui-testing";
		};
/* End PBXNativeTarget section */

/* Begin PBXProject section */
		04C728351BB83668000FF75D /* Project object */ = {
			isa = PBXProject;
			attributes = {
				LastUpgradeCheck = 0700;
				ORGANIZATIONNAME = "Sandeep Aggarwal";
				TargetAttributes = {
					04C7283C1BB83668000FF75D = {
						CreatedOnToolsVersion = 7.0;
					};
					04C728551BB83668000FF75D = {
						CreatedOnToolsVersion = 7.0;
						TestTargetID = 04C7283C1BB83668000FF75D;
					};
					04C728601BB83668000FF75D = {
						CreatedOnToolsVersion = 7.0;
						TestTargetID = 04C7283C1BB83668000FF75D;
					};
				};
			};
			buildConfigurationList = 04C728381BB83668000FF75D /* Build configuration list for PBXProject "TableViewPager" */;
			compatibilityVersion = "Xcode 3.2";
			developmentRegion = English;
			hasScannedForEncodings = 0;
			knownRegions = (
				en,
				Base,
			);
			mainGroup = 04C728341BB83668000FF75D;
			productRefGroup = 04C7283E1BB83668000FF75D /* Products */;
			projectDirPath = "";
			projectRoot = "";
			targets = (
				04C7283C1BB83668000FF75D /* TableViewPager */,
				04C728551BB83668000FF75D /* TableViewPagerTests */,
				04C728601BB83668000FF75D /* TableViewPagerUITests */,
			);
		};
/* End PBXProject section */

/* Begin PBXResourcesBuildPhase section */
		04C7283B1BB83668000FF75D /* Resources */ = {
			isa = PBXResourcesBuildPhase;
			buildActionMask = 2147483647;
			files = (
				04C7284D1BB83668000FF75D /* Assets.xcassets in Resources */,
			);
			runOnlyForDeploymentPostprocessing = 0;
		};
		04C728541BB83668000FF75D /* Resources */ = {
			isa = PBXResourcesBuildPhase;
			buildActionMask = 2147483647;
			files = (
			);
			runOnlyForDeploymentPostprocessing = 0;
		};
		04C7285F1BB83668000FF75D /* Resources */ = {
			isa = PBXResourcesBuildPhase;
			buildActionMask = 2147483647;
			files = (
			);
			runOnlyForDeploymentPostprocessing = 0;
		};
/* End PBXResourcesBuildPhase section */

/* Begin PBXSourcesBuildPhase section */
		04C728391BB83668000FF75D /* Sources */ = {
			isa = PBXSourcesBuildPhase;
			buildActionMask = 2147483647;
			files = (
				04C728481BB83668000FF75D /* ViewController.m in Sources */,
				04C7287C1BB83722000FF75D /* HorizontalScrollView.m in Sources */,
				04C7287D1BB83722000FF75D /* IndexedTableViewController.m in Sources */,
				04C7287E1BB83722000FF75D /* ScrollElement.m in Sources */,
				04C728451BB83668000FF75D /* AppDelegate.m in Sources */,
				04C728421BB83668000FF75D /* main.m in Sources */,
				04C7287F1BB83722000FF75D /* TableViewPagerViewController.m in Sources */,
			);
			runOnlyForDeploymentPostprocessing = 0;
		};
		04C728521BB83668000FF75D /* Sources */ = {
			isa = PBXSourcesBuildPhase;
			buildActionMask = 2147483647;
			files = (
				04C7285B1BB83668000FF75D /* TableViewPagerTests.m in Sources */,
			);
			runOnlyForDeploymentPostprocessing = 0;
		};
		04C7285D1BB83668000FF75D /* Sources */ = {
			isa = PBXSourcesBuildPhase;
			buildActionMask = 2147483647;
			files = (
				04C728661BB83668000FF75D /* TableViewPagerUITests.m in Sources */,
			);
			runOnlyForDeploymentPostprocessing = 0;
		};
/* End PBXSourcesBuildPhase section */

/* Begin PBXTargetDependency section */
		04C728581BB83668000FF75D /* PBXTargetDependency */ = {
			isa = PBXTargetDependency;
			target = 04C7283C1BB83668000FF75D /* TableViewPager */;
			targetProxy = 04C728571BB83668000FF75D /* PBXContainerItemProxy */;
		};
		04C728631BB83668000FF75D /* PBXTargetDependency */ = {
			isa = PBXTargetDependency;
			target = 04C7283C1BB83668000FF75D /* TableViewPager */;
			targetProxy = 04C728621BB83668000FF75D /* PBXContainerItemProxy */;
		};
/* End PBXTargetDependency section */

/* Begin XCBuildConfiguration section */
		04C728681BB83668000FF75D /* Debug */ = {
			isa = XCBuildConfiguration;
			buildSettings = {
				ALWAYS_SEARCH_USER_PATHS = NO;
				CLANG_CXX_LANGUAGE_STANDARD = "gnu++0x";
				CLANG_CXX_LIBRARY = "libc++";
				CLANG_ENABLE_MODULES = YES;
				CLANG_ENABLE_OBJC_ARC = YES;
				CLANG_WARN_BOOL_CONVERSION = YES;
				CLANG_WARN_CONSTANT_CONVERSION = YES;
				CLANG_WARN_DIRECT_OBJC_ISA_USAGE = YES_ERROR;
				CLANG_WARN_EMPTY_BODY = YES;
				CLANG_WARN_ENUM_CONVERSION = YES;
				CLANG_WARN_INT_CONVERSION = YES;
				CLANG_WARN_OBJC_ROOT_CLASS = YES_ERROR;
				CLANG_WARN_UNREACHABLE_CODE = YES;
				CLANG_WARN__DUPLICATE_METHOD_MATCH = YES;
				"CODE_SIGN_IDENTITY[sdk=iphoneos*]" = "iPhone Developer";
				COPY_PHASE_STRIP = NO;
				DEBUG_INFORMATION_FORMAT = dwarf;
				ENABLE_STRICT_OBJC_MSGSEND = YES;
				ENABLE_TESTABILITY = YES;
				GCC_C_LANGUAGE_STANDARD = gnu99;
				GCC_DYNAMIC_NO_PIC = NO;
				GCC_NO_COMMON_BLOCKS = YES;
				GCC_OPTIMIZATION_LEVEL = 0;
				GCC_PREPROCESSOR_DEFINITIONS = (
					"DEBUG=1",
					"$(inherited)",
				);
				GCC_WARN_64_TO_32_BIT_CONVERSION = YES;
				GCC_WARN_ABOUT_RETURN_TYPE = YES_ERROR;
				GCC_WARN_UNDECLARED_SELECTOR = YES;
				GCC_WARN_UNINITIALIZED_AUTOS = YES_AGGRESSIVE;
				GCC_WARN_UNUSED_FUNCTION = YES;
				GCC_WARN_UNUSED_VARIABLE = YES;
				IPHONEOS_DEPLOYMENT_TARGET = 9.0;
				MTL_ENABLE_DEBUG_INFO = YES;
				ONLY_ACTIVE_ARCH = YES;
				SDKROOT = iphoneos;
			};
			name = Debug;
		};
		04C728691BB83668000FF75D /* Release */ = {
			isa = XCBuildConfiguration;
			buildSettings = {
				ALWAYS_SEARCH_USER_PATHS = NO;
				CLANG_CXX_LANGUAGE_STANDARD = "gnu++0x";
				CLANG_CXX_LIBRARY = "libc++";
				CLANG_ENABLE_MODULES = YES;
				CLANG_ENABLE_OBJC_ARC = YES;
				CLANG_WARN_BOOL_CONVERSION = YES;
				CLANG_WARN_CONSTANT_CONVERSION = YES;
				CLANG_WARN_DIRECT_OBJC_ISA_USAGE = YES_ERROR;
				CLANG_WARN_EMPTY_BODY = YES;
				CLANG_WARN_ENUM_CONVERSION = YES;
				CLANG_WARN_INT_CONVERSION = YES;
				CLANG_WARN_OBJC_ROOT_CLASS = YES_ERROR;
				CLANG_WARN_UNREACHABLE_CODE = YES;
				CLANG_WARN__DUPLICATE_METHOD_MATCH = YES;
				"CODE_SIGN_IDENTITY[sdk=iphoneos*]" = "iPhone Developer";
				COPY_PHASE_STRIP = NO;
				DEBUG_INFORMATION_FORMAT = "dwarf-with-dsym";
				ENABLE_NS_ASSERTIONS = NO;
				ENABLE_STRICT_OBJC_MSGSEND = YES;
				GCC_C_LANGUAGE_STANDARD = gnu99;
				GCC_NO_COMMON_BLOCKS = YES;
				GCC_WARN_64_TO_32_BIT_CONVERSION = YES;
				GCC_WARN_ABOUT_RETURN_TYPE = YES_ERROR;
				GCC_WARN_UNDECLARED_SELECTOR = YES;
				GCC_WARN_UNINITIALIZED_AUTOS = YES_AGGRESSIVE;
				GCC_WARN_UNUSED_FUNCTION = YES;
				GCC_WARN_UNUSED_VARIABLE = YES;
				IPHONEOS_DEPLOYMENT_TARGET = 9.0;
				MTL_ENABLE_DEBUG_INFO = NO;
				SDKROOT = iphoneos;
				VALIDATE_PRODUCT = YES;
			};
			name = Release;
		};
		04C7286B1BB83668000FF75D /* Debug */ = {
			isa = XCBuildConfiguration;
			buildSettings = {
				ASSETCATALOG_COMPILER_APPICON_NAME = AppIcon;
				INFOPLIST_FILE = TableViewPager/Info.plist;
				LD_RUNPATH_SEARCH_PATHS = "$(inherited) @executable_path/Frameworks";
				PRODUCT_BUNDLE_IDENTIFIER = "Sandeep-Aggarwal.TableViewPager";
				PRODUCT_NAME = "$(TARGET_NAME)";
			};
			name = Debug;
		};
		04C7286C1BB83668000FF75D /* Release */ = {
			isa = XCBuildConfiguration;
			buildSettings = {
				ASSETCATALOG_COMPILER_APPICON_NAME = AppIcon;
				INFOPLIST_FILE = TableViewPager/Info.plist;
				LD_RUNPATH_SEARCH_PATHS = "$(inherited) @executable_path/Frameworks";
				PRODUCT_BUNDLE_IDENTIFIER = "Sandeep-Aggarwal.TableViewPager";
				PRODUCT_NAME = "$(TARGET_NAME)";
			};
			name = Release;
		};
		04C7286E1BB83668000FF75D /* Debug */ = {
			isa = XCBuildConfiguration;
			buildSettings = {
				BUNDLE_LOADER = "$(TEST_HOST)";
				INFOPLIST_FILE = TableViewPagerTests/Info.plist;
				LD_RUNPATH_SEARCH_PATHS = "$(inherited) @executable_path/Frameworks @loader_path/Frameworks";
				PRODUCT_BUNDLE_IDENTIFIER = "Sandeep-Aggarwal.TableViewPagerTests";
				PRODUCT_NAME = "$(TARGET_NAME)";
				TEST_HOST = "$(BUILT_PRODUCTS_DIR)/TableViewPager.app/TableViewPager";
			};
			name = Debug;
		};
		04C7286F1BB83668000FF75D /* Release */ = {
			isa = XCBuildConfiguration;
			buildSettings = {
				BUNDLE_LOADER = "$(TEST_HOST)";
				INFOPLIST_FILE = TableViewPagerTests/Info.plist;
				LD_RUNPATH_SEARCH_PATHS = "$(inherited) @executable_path/Frameworks @loader_path/Frameworks";
				PRODUCT_BUNDLE_IDENTIFIER = "Sandeep-Aggarwal.TableViewPagerTests";
				PRODUCT_NAME = "$(TARGET_NAME)";
				TEST_HOST = "$(BUILT_PRODUCTS_DIR)/TableViewPager.app/TableViewPager";
			};
			name = Release;
		};
		04C728711BB83668000FF75D /* Debug */ = {
			isa = XCBuildConfiguration;
			buildSettings = {
				INFOPLIST_FILE = TableViewPagerUITests/Info.plist;
				LD_RUNPATH_SEARCH_PATHS = "$(inherited) @executable_path/Frameworks @loader_path/Frameworks";
				PRODUCT_BUNDLE_IDENTIFIER = "Sandeep-Aggarwal.TableViewPagerUITests";
				PRODUCT_NAME = "$(TARGET_NAME)";
				TEST_TARGET_NAME = TableViewPager;
				USES_XCTRUNNER = YES;
			};
			name = Debug;
		};
		04C728721BB83668000FF75D /* Release */ = {
			isa = XCBuildConfiguration;
			buildSettings = {
				INFOPLIST_FILE = TableViewPagerUITests/Info.plist;
				LD_RUNPATH_SEARCH_PATHS = "$(inherited) @executable_path/Frameworks @loader_path/Frameworks";
				PRODUCT_BUNDLE_IDENTIFIER = "Sandeep-Aggarwal.TableViewPagerUITests";
				PRODUCT_NAME = "$(TARGET_NAME)";
				TEST_TARGET_NAME = TableViewPager;
				USES_XCTRUNNER = YES;
			};
			name = Release;
		};
/* End XCBuildConfiguration section */

/* Begin XCConfigurationList section */
		04C728381BB83668000FF75D /* Build configuration list for PBXProject "TableViewPager" */ = {
			isa = XCConfigurationList;
			buildConfigurations = (
				04C728681BB83668000FF75D /* Debug */,
				04C728691BB83668000FF75D /* Release */,
			);
			defaultConfigurationIsVisible = 0;
			defaultConfigurationName = Release;
		};
		04C7286A1BB83668000FF75D /* Build configuration list for PBXNativeTarget "TableViewPager" */ = {
			isa = XCConfigurationList;
			buildConfigurations = (
				04C7286B1BB83668000FF75D /* Debug */,
				04C7286C1BB83668000FF75D /* Release */,
			);
			defaultConfigurationIsVisible = 0;
			defaultConfigurationName = Release;
		};
		04C7286D1BB83668000FF75D /* Build configuration list for PBXNativeTarget "TableViewPagerTests" */ = {
			isa = XCConfigurationList;
			buildConfigurations = (
				04C7286E1BB83668000FF75D /* Debug */,
				04C7286F1BB83668000FF75D /* Release */,
			);
			defaultConfigurationIsVisible = 0;
			defaultConfigurationName = Release;
		};
		04C728701BB83668000FF75D /* Build configuration list for PBXNativeTarget "TableViewPagerUITests" */ = {
			isa = XCConfigurationList;
			buildConfigurations = (
				04C728711BB83668000FF75D /* Debug */,
				04C728721BB83668000FF75D /* Release */,
			);
			defaultConfigurationIsVisible = 0;
			defaultConfigurationName = Release;
		};
/* End XCConfigurationList section */
	};
	rootObject = 04C728351BB83668000FF75D /* Project object */;
}
